
Microsoft Visual Studio Solution File, Format Version 12.00
# Visual Studio 15
VisualStudioVersion = 15.0.28307.271
MinimumVisualStudioVersion = 10.0.40219.1
Project("{FAE04EC0-301F-11D3-BF4B-00C04F79EFBC}") = "Algoritms", "Algoritms\Algoritms.csproj", "{219AF57C-653A-479A-B0BB-CCC8198597A0}"
EndProject
Global
	GlobalSection(SolutionConfigurationPlatforms) = preSolution
		Debug|Any CPU = Debug|Any CPU
		Release|Any CPU = Release|Any CPU
	EndGlobalSection
	GlobalSection(ProjectConfigurationPlatforms) = postSolution
		{219AF57C-653A-479A-B0BB-CCC8198597A0}.Debug|Any CPU.ActiveCfg = Debug|Any CPU
		{219AF57C-653A-479A-B0BB-CCC8198597A0}.Debug|Any CPU.Build.0 = Debug|Any CPU
		{219AF57C-653A-479A-B0BB-CCC8198597A0}.Release|Any CPU.ActiveCfg = Release|Any CPU
		{219AF57C-653A-479A-B0BB-CCC8198597A0}.Release|Any CPU.Build.0 = Release|Any CPU
	EndGlobalSection
	GlobalSection(SolutionProperties) = preSolution
		HideSolutionNode = FALSE
	EndGlobalSection
	GlobalSection(ExtensibilityGlobals) = postSolution
		SolutionGuid = {2550504B-1236-4AF9-A447-8FD5A26A3439}
	EndGlobalSection
EndGlobal
