
Microsoft Visual Studio Solution File, Format Version 12.00
# Visual Studio 15
VisualStudioVersion = 15.0.27004.2002
MinimumVisualStudioVersion = 10.0.40219.1
Project("{FAE04EC0-301F-11D3-BF4B-00C04F79EFBC}") = "DelegateApp", "DelegateApp\DelegateApp.csproj", "{23BD484B-398E-4BBE-B429-8B710A2EE544}"
EndProject
Global
	GlobalSection(SolutionConfigurationPlatforms) = preSolution
		Debug|Any CPU = Debug|Any CPU
		Release|Any CPU = Release|Any CPU
	EndGlobalSection
	GlobalSection(ProjectConfigurationPlatforms) = postSolution
		{23BD484B-398E-4BBE-B429-8B710A2EE544}.Debug|Any CPU.ActiveCfg = Debug|Any CPU
		{23BD484B-398E-4BBE-B429-8B710A2EE544}.Debug|Any CPU.Build.0 = Debug|Any CPU
		{23BD484B-398E-4BBE-B429-8B710A2EE544}.Release|Any CPU.ActiveCfg = Release|Any CPU
		{23BD484B-398E-4BBE-B429-8B710A2EE544}.Release|Any CPU.Build.0 = Release|Any CPU
	EndGlobalSection
	GlobalSection(SolutionProperties) = preSolution
		HideSolutionNode = FALSE
	EndGlobalSection
	GlobalSection(ExtensibilityGlobals) = postSolution
		SolutionGuid = {37E9E36D-C264-4B09-984C-C38883857034}
	EndGlobalSection
EndGlobal
