
Microsoft Visual Studio Solution File, Format Version 12.00
# Visual Studio 15
VisualStudioVersion = 15.0.26430.6
MinimumVisualStudioVersion = 10.0.40219.1
Project("{FAE04EC0-301F-11D3-BF4B-00C04F79EFBC}") = "GetSet", "GetSet\GetSet.csproj", "{BF67928E-1A0F-4F87-BB83-60DD578FB22A}"
EndProject
Global
	GlobalSection(SolutionConfigurationPlatforms) = preSolution
		Debug|Any CPU = Debug|Any CPU
		Release|Any CPU = Release|Any CPU
	EndGlobalSection
	GlobalSection(ProjectConfigurationPlatforms) = postSolution
		{BF67928E-1A0F-4F87-BB83-60DD578FB22A}.Debug|Any CPU.ActiveCfg = Debug|Any CPU
		{BF67928E-1A0F-4F87-BB83-60DD578FB22A}.Debug|Any CPU.Build.0 = Debug|Any CPU
		{BF67928E-1A0F-4F87-BB83-60DD578FB22A}.Release|Any CPU.ActiveCfg = Release|Any CPU
		{BF67928E-1A0F-4F87-BB83-60DD578FB22A}.Release|Any CPU.Build.0 = Release|Any CPU
	EndGlobalSection
	GlobalSection(SolutionProperties) = preSolution
		HideSolutionNode = FALSE
	EndGlobalSection
EndGlobal
