
Microsoft Visual Studio Solution File, Format Version 12.00
# Visual Studio 15
VisualStudioVersion = 15.0.27004.2002
MinimumVisualStudioVersion = 10.0.40219.1
Project("{FAE04EC0-301F-11D3-BF4B-00C04F79EFBC}") = "EventApp", "EventApp\EventApp.csproj", "{ADF085A2-1C99-4E9B-AF76-4F322B43C30B}"
EndProject
Global
	GlobalSection(SolutionConfigurationPlatforms) = preSolution
		Debug|Any CPU = Debug|Any CPU
		Release|Any CPU = Release|Any CPU
	EndGlobalSection
	GlobalSection(ProjectConfigurationPlatforms) = postSolution
		{ADF085A2-1C99-4E9B-AF76-4F322B43C30B}.Debug|Any CPU.ActiveCfg = Debug|Any CPU
		{ADF085A2-1C99-4E9B-AF76-4F322B43C30B}.Debug|Any CPU.Build.0 = Debug|Any CPU
		{ADF085A2-1C99-4E9B-AF76-4F322B43C30B}.Release|Any CPU.ActiveCfg = Release|Any CPU
		{ADF085A2-1C99-4E9B-AF76-4F322B43C30B}.Release|Any CPU.Build.0 = Release|Any CPU
	EndGlobalSection
	GlobalSection(SolutionProperties) = preSolution
		HideSolutionNode = FALSE
	EndGlobalSection
	GlobalSection(ExtensibilityGlobals) = postSolution
		SolutionGuid = {17BA9665-E781-4361-8831-A3C92F3200EF}
	EndGlobalSection
EndGlobal
