
Microsoft Visual Studio Solution File, Format Version 12.00
# Visual Studio 15
VisualStudioVersion = 15.0.27004.2002
MinimumVisualStudioVersion = 10.0.40219.1
Project("{FAE04EC0-301F-11D3-BF4B-00C04F79EFBC}") = "WebSiteTest", "WebSiteTest\WebSiteTest.csproj", "{47CB9667-ADAD-4445-8893-D4EE2F4D875C}"
EndProject
Global
	GlobalSection(SolutionConfigurationPlatforms) = preSolution
		Debug|Any CPU = Debug|Any CPU
		Release|Any CPU = Release|Any CPU
	EndGlobalSection
	GlobalSection(ProjectConfigurationPlatforms) = postSolution
		{47CB9667-ADAD-4445-8893-D4EE2F4D875C}.Debug|Any CPU.ActiveCfg = Debug|Any CPU
		{47CB9667-ADAD-4445-8893-D4EE2F4D875C}.Debug|Any CPU.Build.0 = Debug|Any CPU
		{47CB9667-ADAD-4445-8893-D4EE2F4D875C}.Release|Any CPU.ActiveCfg = Release|Any CPU
		{47CB9667-ADAD-4445-8893-D4EE2F4D875C}.Release|Any CPU.Build.0 = Release|Any CPU
	EndGlobalSection
	GlobalSection(SolutionProperties) = preSolution
		HideSolutionNode = FALSE
	EndGlobalSection
	GlobalSection(ExtensibilityGlobals) = postSolution
		SolutionGuid = {994F3998-FB56-4296-8AD9-0C53FFF56C27}
	EndGlobalSection
EndGlobal
